
Microsoft Visual Studio Solution File, Format Version 12.00
# Visual Studio Version 16
VisualStudioVersion = 16.0.30503.244
MinimumVisualStudioVersion = 10.0.40219.1
Project("{FAE04EC0-301F-11D3-BF4B-00C04F79EFBC}") = "shit_not_exec", "shit_not_exec\shit_not_exec.csproj", "{19F8C4AA-689E-440A-A2D2-6E1593EA1E68}"
EndProject
Global
	GlobalSection(SolutionConfigurationPlatforms) = preSolution
		Debug|Any CPU = Debug|Any CPU
		Release|Any CPU = Release|Any CPU
	EndGlobalSection
	GlobalSection(ProjectConfigurationPlatforms) = postSolution
		{19F8C4AA-689E-440A-A2D2-6E1593EA1E68}.Debug|Any CPU.ActiveCfg = Debug|Any CPU
		{19F8C4AA-689E-440A-A2D2-6E1593EA1E68}.Debug|Any CPU.Build.0 = Debug|Any CPU
		{19F8C4AA-689E-440A-A2D2-6E1593EA1E68}.Release|Any CPU.ActiveCfg = Release|Any CPU
		{19F8C4AA-689E-440A-A2D2-6E1593EA1E68}.Release|Any CPU.Build.0 = Release|Any CPU
	EndGlobalSection
	GlobalSection(SolutionProperties) = preSolution
		HideSolutionNode = FALSE
	EndGlobalSection
	GlobalSection(ExtensibilityGlobals) = postSolution
		SolutionGuid = {E8C8540E-9382-452E-825F-6712258D026E}
	EndGlobalSection
EndGlobal
